// !$*UTF8*$!
{
	archiveVersion = 1;
	classes = {
	};
	objectVersion = 46;
	objects = {

/* Begin PBXBuildFile section */
		50585FD7177954F100DD4A65 /* UIKit.framework in Frameworks */ = {isa = PBXBuildFile; fileRef = 50585FD6177954F100DD4A65 /* UIKit.framework */; };
		50585FD9177954F100DD4A65 /* Foundation.framework in Frameworks */ = {isa = PBXBuildFile; fileRef = 50585FD8177954F100DD4A65 /* Foundation.framework */; };
		50585FDB177954F100DD4A65 /* CoreGraphics.framework in Frameworks */ = {isa = PBXBuildFile; fileRef = 50585FDA177954F100DD4A65 /* CoreGraphics.framework */; };
		50585FE1177954F200DD4A65 /* InfoPlist.strings in Resources */ = {isa = PBXBuildFile; fileRef = 50585FDF177954F100DD4A65 /* InfoPlist.strings */; };
		50585FE3177954F200DD4A65 /* main.m in Sources */ = {isa = PBXBuildFile; fileRef = 50585FE2177954F200DD4A65 /* main.m */; };
		50585FE7177954F200DD4A65 /* NFAppDelegate.m in Sources */ = {isa = PBXBuildFile; fileRef = 50585FE6177954F200DD4A65 /* NFAppDelegate.m */; };
		50585FE9177954F200DD4A65 /* Default.png in Resources */ = {isa = PBXBuildFile; fileRef = 50585FE8177954F200DD4A65 /* Default.png */; };
		50585FEB177954F200DD4A65 /* Default@2x.png in Resources */ = {isa = PBXBuildFile; fileRef = 50585FEA177954F200DD4A65 /* Default@2x.png */; };
		50585FED177954F200DD4A65 /* Default-568h@2x.png in Resources */ = {isa = PBXBuildFile; fileRef = 50585FEC177954F200DD4A65 /* Default-568h@2x.png */; };
		50585FF51779551A00DD4A65 /* ListViewController.m in Sources */ = {isa = PBXBuildFile; fileRef = 50585FF41779551A00DD4A65 /* ListViewController.m */; };
		50C9EBA717795FD100F8B158 /* RSSChannel.m in Sources */ = {isa = PBXBuildFile; fileRef = 50C9EBA617795FD100F8B158 /* RSSChannel.m */; };
		50C9EBAA17795FD900F8B158 /* RSSItem.m in Sources */ = {isa = PBXBuildFile; fileRef = 50C9EBA917795FD900F8B158 /* RSSItem.m */; };
		50C9EBAD17796E1900F8B158 /* WebViewController.m in Sources */ = {isa = PBXBuildFile; fileRef = 50C9EBAC17796E1900F8B158 /* WebViewController.m */; };
/* End PBXBuildFile section */

/* Begin PBXFileReference section */
		50585FD3177954F100DD4A65 /* Nerdfeed.app */ = {isa = PBXFileReference; explicitFileType = wrapper.application; includeInIndex = 0; path = Nerdfeed.app; sourceTree = BUILT_PRODUCTS_DIR; };
		50585FD6177954F100DD4A65 /* UIKit.framework */ = {isa = PBXFileReference; lastKnownFileType = wrapper.framework; name = UIKit.framework; path = System/Library/Frameworks/UIKit.framework; sourceTree = SDKROOT; };
		50585FD8177954F100DD4A65 /* Foundation.framework */ = {isa = PBXFileReference; lastKnownFileType = wrapper.framework; name = Foundation.framework; path = System/Library/Frameworks/Foundation.framework; sourceTree = SDKROOT; };
		50585FDA177954F100DD4A65 /* CoreGraphics.framework */ = {isa = PBXFileReference; lastKnownFileType = wrapper.framework; name = CoreGraphics.framework; path = System/Library/Frameworks/CoreGraphics.framework; sourceTree = SDKROOT; };
		50585FDE177954F100DD4A65 /* Nerdfeed-Info.plist */ = {isa = PBXFileReference; lastKnownFileType = text.plist.xml; path = "Nerdfeed-Info.plist"; sourceTree = "<group>"; };
		50585FE0177954F200DD4A65 /* en */ = {isa = PBXFileReference; lastKnownFileType = text.plist.strings; name = en; path = en.lproj/InfoPlist.strings; sourceTree = "<group>"; };
		50585FE2177954F200DD4A65 /* main.m */ = {isa = PBXFileReference; lastKnownFileType = sourcecode.c.objc; path = main.m; sourceTree = "<group>"; };
		50585FE4177954F200DD4A65 /* Nerdfeed-Prefix.pch */ = {isa = PBXFileReference; lastKnownFileType = sourcecode.c.h; path = "Nerdfeed-Prefix.pch"; sourceTree = "<group>"; };
		50585FE5177954F200DD4A65 /* NFAppDelegate.h */ = {isa = PBXFileReference; lastKnownFileType = sourcecode.c.h; path = NFAppDelegate.h; sourceTree = "<group>"; };
		50585FE6177954F200DD4A65 /* NFAppDelegate.m */ = {isa = PBXFileReference; lastKnownFileType = sourcecode.c.objc; path = NFAppDelegate.m; sourceTree = "<group>"; };
		50585FE8177954F200DD4A65 /* Default.png */ = {isa = PBXFileReference; lastKnownFileType = image.png; path = Default.png; sourceTree = "<group>"; };
		50585FEA177954F200DD4A65 /* Default@2x.png */ = {isa = PBXFileReference; lastKnownFileType = image.png; path = "Default@2x.png"; sourceTree = "<group>"; };
		50585FEC177954F200DD4A65 /* Default-568h@2x.png */ = {isa = PBXFileReference; lastKnownFileType = image.png; path = "Default-568h@2x.png"; sourceTree = "<group>"; };
		50585FF31779551A00DD4A65 /* ListViewController.h */ = {isa = PBXFileReference; fileEncoding = 4; lastKnownFileType = sourcecode.c.h; path = ListViewController.h; sourceTree = "<group>"; };
		50585FF41779551A00DD4A65 /* ListViewController.m */ = {isa = PBXFileReference; fileEncoding = 4; lastKnownFileType = sourcecode.c.objc; path = ListViewController.m; sourceTree = "<group>"; };
		50C9EBA517795FD100F8B158 /* RSSChannel.h */ = {isa = PBXFileReference; fileEncoding = 4; lastKnownFileType = sourcecode.c.h; path = RSSChannel.h; sourceTree = "<group>"; };
		50C9EBA617795FD100F8B158 /* RSSChannel.m */ = {isa = PBXFileReference; fileEncoding = 4; lastKnownFileType = sourcecode.c.objc; path = RSSChannel.m; sourceTree = "<group>"; };
		50C9EBA817795FD900F8B158 /* RSSItem.h */ = {isa = PBXFileReference; fileEncoding = 4; lastKnownFileType = sourcecode.c.h; path = RSSItem.h; sourceTree = "<group>"; };
		50C9EBA917795FD900F8B158 /* RSSItem.m */ = {isa = PBXFileReference; fileEncoding = 4; lastKnownFileType = sourcecode.c.objc; path = RSSItem.m; sourceTree = "<group>"; };
		50C9EBAB17796E1900F8B158 /* WebViewController.h */ = {isa = PBXFileReference; fileEncoding = 4; lastKnownFileType = sourcecode.c.h; name = WebViewController.h; path = ../WebViewController.h; sourceTree = "<group>"; };
		50C9EBAC17796E1900F8B158 /* WebViewController.m */ = {isa = PBXFileReference; fileEncoding = 4; lastKnownFileType = sourcecode.c.objc; name = WebViewController.m; path = ../WebViewController.m; sourceTree = "<group>"; };
/* End PBXFileReference section */

/* Begin PBXFrameworksBuildPhase section */
		50585FD0177954F100DD4A65 /* Frameworks */ = {
			isa = PBXFrameworksBuildPhase;
			buildActionMask = 2147483647;
			files = (
				50585FD7177954F100DD4A65 /* UIKit.framework in Frameworks */,
				50585FD9177954F100DD4A65 /* Foundation.framework in Frameworks */,
				50585FDB177954F100DD4A65 /* CoreGraphics.framework in Frameworks */,
			);
			runOnlyForDeploymentPostprocessing = 0;
		};
/* End PBXFrameworksBuildPhase section */

/* Begin PBXGroup section */
		50585FCA177954F100DD4A65 = {
			isa = PBXGroup;
			children = (
				50585FDC177954F100DD4A65 /* Nerdfeed */,
				50585FD5177954F100DD4A65 /* Frameworks */,
				50585FD4177954F100DD4A65 /* Products */,
			);
			sourceTree = "<group>";
		};
		50585FD4177954F100DD4A65 /* Products */ = {
			isa = PBXGroup;
			children = (
				50585FD3177954F100DD4A65 /* Nerdfeed.app */,
			);
			name = Products;
			sourceTree = "<group>";
		};
		50585FD5177954F100DD4A65 /* Frameworks */ = {
			isa = PBXGroup;
			children = (
				50585FD6177954F100DD4A65 /* UIKit.framework */,
				50585FD8177954F100DD4A65 /* Foundation.framework */,
				50585FDA177954F100DD4A65 /* CoreGraphics.framework */,
			);
			name = Frameworks;
			sourceTree = "<group>";
		};
		50585FDC177954F100DD4A65 /* Nerdfeed */ = {
			isa = PBXGroup;
			children = (
				50585FE5177954F200DD4A65 /* NFAppDelegate.h */,
				50585FE6177954F200DD4A65 /* NFAppDelegate.m */,
				50585FF31779551A00DD4A65 /* ListViewController.h */,
				50585FF41779551A00DD4A65 /* ListViewController.m */,
				50C9EBA517795FD100F8B158 /* RSSChannel.h */,
				50C9EBA617795FD100F8B158 /* RSSChannel.m */,
				50C9EBA817795FD900F8B158 /* RSSItem.h */,
				50C9EBA917795FD900F8B158 /* RSSItem.m */,
				50C9EBAB17796E1900F8B158 /* WebViewController.h */,
				50C9EBAC17796E1900F8B158 /* WebViewController.m */,
				50585FDD177954F100DD4A65 /* Supporting Files */,
			);
			path = Nerdfeed;
			sourceTree = "<group>";
		};
		50585FDD177954F100DD4A65 /* Supporting Files */ = {
			isa = PBXGroup;
			children = (
				50585FDE177954F100DD4A65 /* Nerdfeed-Info.plist */,
				50585FDF177954F100DD4A65 /* InfoPlist.strings */,
				50585FE2177954F200DD4A65 /* main.m */,
				50585FE4177954F200DD4A65 /* Nerdfeed-Prefix.pch */,
				50585FE8177954F200DD4A65 /* Default.png */,
				50585FEA177954F200DD4A65 /* Default@2x.png */,
				50585FEC177954F200DD4A65 /* Default-568h@2x.png */,
			);
			name = "Supporting Files";
			sourceTree = "<group>";
		};
/* End PBXGroup section */

/* Begin PBXNativeTarget section */
		50585FD2177954F100DD4A65 /* Nerdfeed */ = {
			isa = PBXNativeTarget;
			buildConfigurationList = 50585FF0177954F200DD4A65 /* Build configuration list for PBXNativeTarget "Nerdfeed" */;
			buildPhases = (
				50585FCF177954F100DD4A65 /* Sources */,
				50585FD0177954F100DD4A65 /* Frameworks */,
				50585FD1177954F100DD4A65 /* Resources */,
			);
			buildRules = (
			);
			dependencies = (
			);
			name = Nerdfeed;
			productName = Nerdfeed;
			productReference = 50585FD3177954F100DD4A65 /* Nerdfeed.app */;
			productType = "com.apple.product-type.application";
		};
/* End PBXNativeTarget section */

/* Begin PBXProject section */
		50585FCB177954F100DD4A65 /* Project object */ = {
			isa = PBXProject;
			attributes = {
				CLASSPREFIX = NF;
				LastUpgradeCheck = 0460;
				ORGANIZATIONNAME = jballer;
			};
			buildConfigurationList = 50585FCE177954F100DD4A65 /* Build configuration list for PBXProject "Nerdfeed" */;
			compatibilityVersion = "Xcode 3.2";
			developmentRegion = English;
			hasScannedForEncodings = 0;
			knownRegions = (
				en,
			);
			mainGroup = 50585FCA177954F100DD4A65;
			productRefGroup = 50585FD4177954F100DD4A65 /* Products */;
			projectDirPath = "";
			projectRoot = "";
			targets = (
				50585FD2177954F100DD4A65 /* Nerdfeed */,
			);
		};
/* End PBXProject section */

/* Begin PBXResourcesBuildPhase section */
		50585FD1177954F100DD4A65 /* Resources */ = {
			isa = PBXResourcesBuildPhase;
			buildActionMask = 2147483647;
			files = (
				50585FE1177954F200DD4A65 /* InfoPlist.strings in Resources */,
				50585FE9177954F200DD4A65 /* Default.png in Resources */,
				50585FEB177954F200DD4A65 /* Default@2x.png in Resources */,
				50585FED177954F200DD4A65 /* Default-568h@2x.png in Resources */,
			);
			runOnlyForDeploymentPostprocessing = 0;
		};
/* End PBXResourcesBuildPhase section */

/* Begin PBXSourcesBuildPhase section */
		50585FCF177954F100DD4A65 /* Sources */ = {
			isa = PBXSourcesBuildPhase;
			buildActionMask = 2147483647;
			files = (
				50585FE3177954F200DD4A65 /* main.m in Sources */,
				50585FE7177954F200DD4A65 /* NFAppDelegate.m in Sources */,
				50585FF51779551A00DD4A65 /* ListViewController.m in Sources */,
				50C9EBA717795FD100F8B158 /* RSSChannel.m in Sources */,
				50C9EBAA17795FD900F8B158 /* RSSItem.m in Sources */,
				50C9EBAD17796E1900F8B158 /* WebViewController.m in Sources */,
			);
			runOnlyForDeploymentPostprocessing = 0;
		};
/* End PBXSourcesBuildPhase section */

/* Begin PBXVariantGroup section */
		50585FDF177954F100DD4A65 /* InfoPlist.strings */ = {
			isa = PBXVariantGroup;
			children = (
				50585FE0177954F200DD4A65 /* en */,
			);
			name = InfoPlist.strings;
			sourceTree = "<group>";
		};
/* End PBXVariantGroup section */

/* Begin XCBuildConfiguration section */
		50585FEE177954F200DD4A65 /* Debug */ = {
			isa = XCBuildConfiguration;
			buildSettings = {
				ALWAYS_SEARCH_USER_PATHS = NO;
				CLANG_CXX_LANGUAGE_STANDARD = "gnu++0x";
				CLANG_CXX_LIBRARY = "libc++";
				CLANG_ENABLE_OBJC_ARC = YES;
				CLANG_WARN_CONSTANT_CONVERSION = YES;
				CLANG_WARN_EMPTY_BODY = YES;
				CLANG_WARN_ENUM_CONVERSION = YES;
				CLANG_WARN_INT_CONVERSION = YES;
				CLANG_WARN__DUPLICATE_METHOD_MATCH = YES;
				"CODE_SIGN_IDENTITY[sdk=iphoneos*]" = "iPhone Developer";
				COPY_PHASE_STRIP = NO;
				GCC_C_LANGUAGE_STANDARD = gnu99;
				GCC_DYNAMIC_NO_PIC = NO;
				GCC_OPTIMIZATION_LEVEL = 0;
				GCC_PREPROCESSOR_DEFINITIONS = (
					"DEBUG=1",
					"$(inherited)",
				);
				GCC_SYMBOLS_PRIVATE_EXTERN = NO;
				GCC_WARN_ABOUT_RETURN_TYPE = YES;
				GCC_WARN_UNINITIALIZED_AUTOS = YES;
				GCC_WARN_UNUSED_VARIABLE = YES;
				IPHONEOS_DEPLOYMENT_TARGET = 6.1;
				ONLY_ACTIVE_ARCH = YES;
				SDKROOT = iphoneos;
				TARGETED_DEVICE_FAMILY = 2;
			};
			name = Debug;
		};
		50585FEF177954F200DD4A65 /* Release */ = {
			isa = XCBuildConfiguration;
			buildSettings = {
				ALWAYS_SEARCH_USER_PATHS = NO;
				CLANG_CXX_LANGUAGE_STANDARD = "gnu++0x";
				CLANG_CXX_LIBRARY = "libc++";
				CLANG_ENABLE_OBJC_ARC = YES;
				CLANG_WARN_CONSTANT_CONVERSION = YES;
				CLANG_WARN_EMPTY_BODY = YES;
				CLANG_WARN_ENUM_CONVERSION = YES;
				CLANG_WARN_INT_CONVERSION = YES;
				CLANG_WARN__DUPLICATE_METHOD_MATCH = YES;
				"CODE_SIGN_IDENTITY[sdk=iphoneos*]" = "iPhone Developer";
				COPY_PHASE_STRIP = YES;
				GCC_C_LANGUAGE_STANDARD = gnu99;
				GCC_WARN_ABOUT_RETURN_TYPE = YES;
				GCC_WARN_UNINITIALIZED_AUTOS = YES;
				GCC_WARN_UNUSED_VARIABLE = YES;
				IPHONEOS_DEPLOYMENT_TARGET = 6.1;
				OTHER_CFLAGS = "-DNS_BLOCK_ASSERTIONS=1";
				SDKROOT = iphoneos;
				TARGETED_DEVICE_FAMILY = 2;
				VALIDATE_PRODUCT = YES;
			};
			name = Release;
		};
		50585FF1177954F200DD4A65 /* Debug */ = {
			isa = XCBuildConfiguration;
			buildSettings = {
				GCC_PRECOMPILE_PREFIX_HEADER = YES;
				GCC_PREFIX_HEADER = "Nerdfeed/Nerdfeed-Prefix.pch";
				INFOPLIST_FILE = "Nerdfeed/Nerdfeed-Info.plist";
				PRODUCT_NAME = "$(TARGET_NAME)";
				WRAPPER_EXTENSION = app;
			};
			name = Debug;
		};
		50585FF2177954F200DD4A65 /* Release */ = {
			isa = XCBuildConfiguration;
			buildSettings = {
				GCC_PRECOMPILE_PREFIX_HEADER = YES;
				GCC_PREFIX_HEADER = "Nerdfeed/Nerdfeed-Prefix.pch";
				INFOPLIST_FILE = "Nerdfeed/Nerdfeed-Info.plist";
				PRODUCT_NAME = "$(TARGET_NAME)";
				WRAPPER_EXTENSION = app;
			};
			name = Release;
		};
/* End XCBuildConfiguration section */

/* Begin XCConfigurationList section */
		50585FCE177954F100DD4A65 /* Build configuration list for PBXProject "Nerdfeed" */ = {
			isa = XCConfigurationList;
			buildConfigurations = (
				50585FEE177954F200DD4A65 /* Debug */,
				50585FEF177954F200DD4A65 /* Release */,
			);
			defaultConfigurationIsVisible = 0;
			defaultConfigurationName = Release;
		};
		50585FF0177954F200DD4A65 /* Build configuration list for PBXNativeTarget "Nerdfeed" */ = {
			isa = XCConfigurationList;
			buildConfigurations = (
				50585FF1177954F200DD4A65 /* Debug */,
				50585FF2177954F200DD4A65 /* Release */,
			);
			defaultConfigurationIsVisible = 0;
			defaultConfigurationName = Release;
		};
/* End XCConfigurationList section */
	};
	rootObject = 50585FCB177954F100DD4A65 /* Project object */;
}
